// !$*UTF8*$!
{
	archiveVersion = 1;
	classes = {
	};
	objectVersion = 50;
	objects = {

/* Begin PBXBuildFile section */
		8EBE6FC6251A4BA300CC42CF /* main.cpp in Sources */ = {isa = PBXBuildFile; fileRef = 8EBE6FC5251A4BA300CC42CF /* main.cpp */; };
		8EBE6FCF251A4BE100CC42CF /* Predicate.cpp in Sources */ = {isa = PBXBuildFile; fileRef = 8EBE6FCD251A4BE100CC42CF /* Predicate.cpp */; };
		8EBE6FD3251A513500CC42CF /* DatalogProgram.cpp in Sources */ = {isa = PBXBuildFile; fileRef = 8EBE6FD1251A513500CC42CF /* DatalogProgram.cpp */; };
		8EBE6FD7251AF53600CC42CF /* Param.cpp in Sources */ = {isa = PBXBuildFile; fileRef = 8EBE6FD5251AF53600CC42CF /* Param.cpp */; };
/* End PBXBuildFile section */

/* Begin PBXCopyFilesBuildPhase section */
		8EBE6FC0251A4BA300CC42CF /* CopyFiles */ = {
			isa = PBXCopyFilesBuildPhase;
			buildActionMask = 2147483647;
			dstPath = /usr/share/man/man1/;
			dstSubfolderSpec = 0;
			files = (
			);
			runOnlyForDeploymentPostprocessing = 1;
		};
/* End PBXCopyFilesBuildPhase section */

/* Begin PBXFileReference section */
		8EBE6FC2251A4BA300CC42CF /* CplusplusVectorTests */ = {isa = PBXFileReference; explicitFileType = "compiled.mach-o.executable"; includeInIndex = 0; path = CplusplusVectorTests; sourceTree = BUILT_PRODUCTS_DIR; };
		8EBE6FC5251A4BA300CC42CF /* main.cpp */ = {isa = PBXFileReference; lastKnownFileType = sourcecode.cpp.cpp; path = main.cpp; sourceTree = "<group>"; };
		8EBE6FCD251A4BE100CC42CF /* Predicate.cpp */ = {isa = PBXFileReference; lastKnownFileType = sourcecode.cpp.cpp; path = Predicate.cpp; sourceTree = "<group>"; };
		8EBE6FCE251A4BE100CC42CF /* Predicate.hpp */ = {isa = PBXFileReference; lastKnownFileType = sourcecode.cpp.h; path = Predicate.hpp; sourceTree = "<group>"; };
		8EBE6FD1251A513500CC42CF /* DatalogProgram.cpp */ = {isa = PBXFileReference; lastKnownFileType = sourcecode.cpp.cpp; path = DatalogProgram.cpp; sourceTree = "<group>"; };
		8EBE6FD2251A513500CC42CF /* DatalogProgram.hpp */ = {isa = PBXFileReference; lastKnownFileType = sourcecode.cpp.h; path = DatalogProgram.hpp; sourceTree = "<group>"; };
		8EBE6FD5251AF53600CC42CF /* Param.cpp */ = {isa = PBXFileReference; lastKnownFileType = sourcecode.cpp.cpp; path = Param.cpp; sourceTree = "<group>"; };
		8EBE6FD6251AF53600CC42CF /* Param.hpp */ = {isa = PBXFileReference; lastKnownFileType = sourcecode.cpp.h; path = Param.hpp; sourceTree = "<group>"; };
/* End PBXFileReference section */

/* Begin PBXFrameworksBuildPhase section */
		8EBE6FBF251A4BA300CC42CF /* Frameworks */ = {
			isa = PBXFrameworksBuildPhase;
			buildActionMask = 2147483647;
			files = (
			);
			runOnlyForDeploymentPostprocessing = 0;
		};
/* End PBXFrameworksBuildPhase section */

/* Begin PBXGroup section */
		8EBE6FB9251A4BA300CC42CF = {
			isa = PBXGroup;
			children = (
				8EBE6FC4251A4BA300CC42CF /* CplusplusVectorTests */,
				8EBE6FC3251A4BA300CC42CF /* Products */,
			);
			sourceTree = "<group>";
		};
		8EBE6FC3251A4BA300CC42CF /* Products */ = {
			isa = PBXGroup;
			children = (
				8EBE6FC2251A4BA300CC42CF /* CplusplusVectorTests */,
			);
			name = Products;
			sourceTree = "<group>";
		};
		8EBE6FC4251A4BA300CC42CF /* CplusplusVectorTests */ = {
			isa = PBXGroup;
			children = (
				8EBE6FC5251A4BA300CC42CF /* main.cpp */,
				8EBE6FCD251A4BE100CC42CF /* Predicate.cpp */,
				8EBE6FCE251A4BE100CC42CF /* Predicate.hpp */,
				8EBE6FD1251A513500CC42CF /* DatalogProgram.cpp */,
				8EBE6FD2251A513500CC42CF /* DatalogProgram.hpp */,
				8EBE6FD5251AF53600CC42CF /* Param.cpp */,
				8EBE6FD6251AF53600CC42CF /* Param.hpp */,
			);
			path = CplusplusVectorTests;
			sourceTree = "<group>";
		};
/* End PBXGroup section */

/* Begin PBXNativeTarget section */
		8EBE6FC1251A4BA300CC42CF /* CplusplusVectorTests */ = {
			isa = PBXNativeTarget;
			buildConfigurationList = 8EBE6FC9251A4BA300CC42CF /* Build configuration list for PBXNativeTarget "CplusplusVectorTests" */;
			buildPhases = (
				8EBE6FBE251A4BA300CC42CF /* Sources */,
				8EBE6FBF251A4BA300CC42CF /* Frameworks */,
				8EBE6FC0251A4BA300CC42CF /* CopyFiles */,
			);
			buildRules = (
			);
			dependencies = (
			);
			name = CplusplusVectorTests;
			productName = CplusplusVectorTests;
			productReference = 8EBE6FC2251A4BA300CC42CF /* CplusplusVectorTests */;
			productType = "com.apple.product-type.tool";
		};
/* End PBXNativeTarget section */

/* Begin PBXProject section */
		8EBE6FBA251A4BA300CC42CF /* Project object */ = {
			isa = PBXProject;
			attributes = {
				LastUpgradeCheck = 1200;
				TargetAttributes = {
					8EBE6FC1251A4BA300CC42CF = {
						CreatedOnToolsVersion = 12.0;
					};
				};
			};
			buildConfigurationList = 8EBE6FBD251A4BA300CC42CF /* Build configuration list for PBXProject "CplusplusVectorTests" */;
			compatibilityVersion = "Xcode 9.3";
			developmentRegion = en;
			hasScannedForEncodings = 0;
			knownRegions = (
				en,
				Base,
			);
			mainGroup = 8EBE6FB9251A4BA300CC42CF;
			productRefGroup = 8EBE6FC3251A4BA300CC42CF /* Products */;
			projectDirPath = "";
			projectRoot = "";
			targets = (
				8EBE6FC1251A4BA300CC42CF /* CplusplusVectorTests */,
			);
		};
/* End PBXProject section */

/* Begin PBXSourcesBuildPhase section */
		8EBE6FBE251A4BA300CC42CF /* Sources */ = {
			isa = PBXSourcesBuildPhase;
			buildActionMask = 2147483647;
			files = (
				8EBE6FC6251A4BA300CC42CF /* main.cpp in Sources */,
				8EBE6FD3251A513500CC42CF /* DatalogProgram.cpp in Sources */,
				8EBE6FCF251A4BE100CC42CF /* Predicate.cpp in Sources */,
				8EBE6FD7251AF53600CC42CF /* Param.cpp in Sources */,
			);
			runOnlyForDeploymentPostprocessing = 0;
		};
/* End PBXSourcesBuildPhase section */

/* Begin XCBuildConfiguration section */
		8EBE6FC7251A4BA300CC42CF /* Debug */ = {
			isa = XCBuildConfiguration;
			buildSettings = {
				ALWAYS_SEARCH_USER_PATHS = NO;
				CLANG_ANALYZER_NONNULL = YES;
				CLANG_ANALYZER_NUMBER_OBJECT_CONVERSION = YES_AGGRESSIVE;
				CLANG_CXX_LANGUAGE_STANDARD = "gnu++14";
				CLANG_CXX_LIBRARY = "libc++";
				CLANG_ENABLE_MODULES = YES;
				CLANG_ENABLE_OBJC_ARC = YES;
				CLANG_ENABLE_OBJC_WEAK = YES;
				CLANG_WARN_BLOCK_CAPTURE_AUTORELEASING = YES;
				CLANG_WARN_BOOL_CONVERSION = YES;
				CLANG_WARN_COMMA = YES;
				CLANG_WARN_CONSTANT_CONVERSION = YES;
				CLANG_WARN_DEPRECATED_OBJC_IMPLEMENTATIONS = YES;
				CLANG_WARN_DIRECT_OBJC_ISA_USAGE = YES_ERROR;
				CLANG_WARN_DOCUMENTATION_COMMENTS = YES;
				CLANG_WARN_EMPTY_BODY = YES;
				CLANG_WARN_ENUM_CONVERSION = YES;
				CLANG_WARN_INFINITE_RECURSION = YES;
				CLANG_WARN_INT_CONVERSION = YES;
				CLANG_WARN_NON_LITERAL_NULL_CONVERSION = YES;
				CLANG_WARN_OBJC_IMPLICIT_RETAIN_SELF = YES;
				CLANG_WARN_OBJC_LITERAL_CONVERSION = YES;
				CLANG_WARN_OBJC_ROOT_CLASS = YES_ERROR;
				CLANG_WARN_QUOTED_INCLUDE_IN_FRAMEWORK_HEADER = YES;
				CLANG_WARN_RANGE_LOOP_ANALYSIS = YES;
				CLANG_WARN_STRICT_PROTOTYPES = YES;
				CLANG_WARN_SUSPICIOUS_MOVE = YES;
				CLANG_WARN_UNGUARDED_AVAILABILITY = YES_AGGRESSIVE;
				CLANG_WARN_UNREACHABLE_CODE = YES;
				CLANG_WARN__DUPLICATE_METHOD_MATCH = YES;
				COPY_PHASE_STRIP = NO;
				DEBUG_INFORMATION_FORMAT = dwarf;
				ENABLE_STRICT_OBJC_MSGSEND = YES;
				ENABLE_TESTABILITY = YES;
				GCC_C_LANGUAGE_STANDARD = gnu11;
				GCC_DYNAMIC_NO_PIC = NO;
				GCC_NO_COMMON_BLOCKS = YES;
				GCC_OPTIMIZATION_LEVEL = 0;
				GCC_PREPROCESSOR_DEFINITIONS = (
					"DEBUG=1",
					"$(inherited)",
				);
				GCC_WARN_64_TO_32_BIT_CONVERSION = YES;
				GCC_WARN_ABOUT_RETURN_TYPE = YES_ERROR;
				GCC_WARN_UNDECLARED_SELECTOR = YES;
				GCC_WARN_UNINITIALIZED_AUTOS = YES_AGGRESSIVE;
				GCC_WARN_UNUSED_FUNCTION = YES;
				GCC_WARN_UNUSED_VARIABLE = YES;
				MACOSX_DEPLOYMENT_TARGET = 10.15;
				MTL_ENABLE_DEBUG_INFO = INCLUDE_SOURCE;
				MTL_FAST_MATH = YES;
				ONLY_ACTIVE_ARCH = YES;
				SDKROOT = macosx;
			};
			name = Debug;
		};
		8EBE6FC8251A4BA300CC42CF /* Release */ = {
			isa = XCBuildConfiguration;
			buildSettings = {
				ALWAYS_SEARCH_USER_PATHS = NO;
				CLANG_ANALYZER_NONNULL = YES;
				CLANG_ANALYZER_NUMBER_OBJECT_CONVERSION = YES_AGGRESSIVE;
				CLANG_CXX_LANGUAGE_STANDARD = "gnu++14";
				CLANG_CXX_LIBRARY = "libc++";
				CLANG_ENABLE_MODULES = YES;
				CLANG_ENABLE_OBJC_ARC = YES;
				CLANG_ENABLE_OBJC_WEAK = YES;
				CLANG_WARN_BLOCK_CAPTURE_AUTORELEASING = YES;
				CLANG_WARN_BOOL_CONVERSION = YES;
				CLANG_WARN_COMMA = YES;
				CLANG_WARN_CONSTANT_CONVERSION = YES;
				CLANG_WARN_DEPRECATED_OBJC_IMPLEMENTATIONS = YES;
				CLANG_WARN_DIRECT_OBJC_ISA_USAGE = YES_ERROR;
				CLANG_WARN_DOCUMENTATION_COMMENTS = YES;
				CLANG_WARN_EMPTY_BODY = YES;
				CLANG_WARN_ENUM_CONVERSION = YES;
				CLANG_WARN_INFINITE_RECURSION = YES;
				CLANG_WARN_INT_CONVERSION = YES;
				CLANG_WARN_NON_LITERAL_NULL_CONVERSION = YES;
				CLANG_WARN_OBJC_IMPLICIT_RETAIN_SELF = YES;
				CLANG_WARN_OBJC_LITERAL_CONVERSION = YES;
				CLANG_WARN_OBJC_ROOT_CLASS = YES_ERROR;
				CLANG_WARN_QUOTED_INCLUDE_IN_FRAMEWORK_HEADER = YES;
				CLANG_WARN_RANGE_LOOP_ANALYSIS = YES;
				CLANG_WARN_STRICT_PROTOTYPES = YES;
				CLANG_WARN_SUSPICIOUS_MOVE = YES;
				CLANG_WARN_UNGUARDED_AVAILABILITY = YES_AGGRESSIVE;
				CLANG_WARN_UNREACHABLE_CODE = YES;
				CLANG_WARN__DUPLICATE_METHOD_MATCH = YES;
				COPY_PHASE_STRIP = NO;
				DEBUG_INFORMATION_FORMAT = "dwarf-with-dsym";
				ENABLE_NS_ASSERTIONS = NO;
				ENABLE_STRICT_OBJC_MSGSEND = YES;
				GCC_C_LANGUAGE_STANDARD = gnu11;
				GCC_NO_COMMON_BLOCKS = YES;
				GCC_WARN_64_TO_32_BIT_CONVERSION = YES;
				GCC_WARN_ABOUT_RETURN_TYPE = YES_ERROR;
				GCC_WARN_UNDECLARED_SELECTOR = YES;
				GCC_WARN_UNINITIALIZED_AUTOS = YES_AGGRESSIVE;
				GCC_WARN_UNUSED_FUNCTION = YES;
				GCC_WARN_UNUSED_VARIABLE = YES;
				MACOSX_DEPLOYMENT_TARGET = 10.15;
				MTL_ENABLE_DEBUG_INFO = NO;
				MTL_FAST_MATH = YES;
				SDKROOT = macosx;
			};
			name = Release;
		};
		8EBE6FCA251A4BA300CC42CF /* Debug */ = {
			isa = XCBuildConfiguration;
			buildSettings = {
				CODE_SIGN_STYLE = Automatic;
				PRODUCT_NAME = "$(TARGET_NAME)";
			};
			name = Debug;
		};
		8EBE6FCB251A4BA300CC42CF /* Release */ = {
			isa = XCBuildConfiguration;
			buildSettings = {
				CODE_SIGN_STYLE = Automatic;
				PRODUCT_NAME = "$(TARGET_NAME)";
			};
			name = Release;
		};
/* End XCBuildConfiguration section */

/* Begin XCConfigurationList section */
		8EBE6FBD251A4BA300CC42CF /* Build configuration list for PBXProject "CplusplusVectorTests" */ = {
			isa = XCConfigurationList;
			buildConfigurations = (
				8EBE6FC7251A4BA300CC42CF /* Debug */,
				8EBE6FC8251A4BA300CC42CF /* Release */,
			);
			defaultConfigurationIsVisible = 0;
			defaultConfigurationName = Release;
		};
		8EBE6FC9251A4BA300CC42CF /* Build configuration list for PBXNativeTarget "CplusplusVectorTests" */ = {
			isa = XCConfigurationList;
			buildConfigurations = (
				8EBE6FCA251A4BA300CC42CF /* Debug */,
				8EBE6FCB251A4BA300CC42CF /* Release */,
			);
			defaultConfigurationIsVisible = 0;
			defaultConfigurationName = Release;
		};
/* End XCConfigurationList section */
	};
	rootObject = 8EBE6FBA251A4BA300CC42CF /* Project object */;
}
